
Microsoft Visual Studio Solution File, Format Version 12.00
# Visual Studio Version 17
VisualStudioVersion = 17.0.31903.59
MinimumVisualStudioVersion = 10.0.40219.1
Project("{FAE04EC0-301F-11D3-BF4B-00C04F79EFBC}") = "CalcLibrary", "CalcLibrary\CalcLibrary.csproj", "{DFFE194A-1550-48BE-9F6D-1A83E2A23CA1}"
EndProject
Project("{FAE04EC0-301F-11D3-BF4B-00C04F79EFBC}") = "CalcLibrary.Tests", "CalcLibrary.Tests\CalcLibrary.Tests.csproj", "{59B10FD0-9D37-4885-9B3F-681DBE0ED54D}"
EndProject
Global
	GlobalSection(SolutionConfigurationPlatforms) = preSolution
		Debug|Any CPU = Debug|Any CPU
		Debug|x64 = Debug|x64
		Debug|x86 = Debug|x86
		Release|Any CPU = Release|Any CPU
		Release|x64 = Release|x64
		Release|x86 = Release|x86
	EndGlobalSection
	GlobalSection(ProjectConfigurationPlatforms) = postSolution
		{DFFE194A-1550-48BE-9F6D-1A83E2A23CA1}.Debug|Any CPU.ActiveCfg = Debug|Any CPU
		{DFFE194A-1550-48BE-9F6D-1A83E2A23CA1}.Debug|Any CPU.Build.0 = Debug|Any CPU
		{DFFE194A-1550-48BE-9F6D-1A83E2A23CA1}.Debug|x64.ActiveCfg = Debug|Any CPU
		{DFFE194A-1550-48BE-9F6D-1A83E2A23CA1}.Debug|x64.Build.0 = Debug|Any CPU
		{DFFE194A-1550-48BE-9F6D-1A83E2A23CA1}.Debug|x86.ActiveCfg = Debug|Any CPU
		{DFFE194A-1550-48BE-9F6D-1A83E2A23CA1}.Debug|x86.Build.0 = Debug|Any CPU
		{DFFE194A-1550-48BE-9F6D-1A83E2A23CA1}.Release|Any CPU.ActiveCfg = Release|Any CPU
		{DFFE194A-1550-48BE-9F6D-1A83E2A23CA1}.Release|Any CPU.Build.0 = Release|Any CPU
		{DFFE194A-1550-48BE-9F6D-1A83E2A23CA1}.Release|x64.ActiveCfg = Release|Any CPU
		{DFFE194A-1550-48BE-9F6D-1A83E2A23CA1}.Release|x64.Build.0 = Release|Any CPU
		{DFFE194A-1550-48BE-9F6D-1A83E2A23CA1}.Release|x86.ActiveCfg = Release|Any CPU
		{DFFE194A-1550-48BE-9F6D-1A83E2A23CA1}.Release|x86.Build.0 = Release|Any CPU
		{59B10FD0-9D37-4885-9B3F-681DBE0ED54D}.Debug|Any CPU.ActiveCfg = Debug|Any CPU
		{59B10FD0-9D37-4885-9B3F-681DBE0ED54D}.Debug|Any CPU.Build.0 = Debug|Any CPU
		{59B10FD0-9D37-4885-9B3F-681DBE0ED54D}.Debug|x64.ActiveCfg = Debug|Any CPU
		{59B10FD0-9D37-4885-9B3F-681DBE0ED54D}.Debug|x64.Build.0 = Debug|Any CPU
		{59B10FD0-9D37-4885-9B3F-681DBE0ED54D}.Debug|x86.ActiveCfg = Debug|Any CPU
		{59B10FD0-9D37-4885-9B3F-681DBE0ED54D}.Debug|x86.Build.0 = Debug|Any CPU
		{59B10FD0-9D37-4885-9B3F-681DBE0ED54D}.Release|Any CPU.ActiveCfg = Release|Any CPU
		{59B10FD0-9D37-4885-9B3F-681DBE0ED54D}.Release|Any CPU.Build.0 = Release|Any CPU
		{59B10FD0-9D37-4885-9B3F-681DBE0ED54D}.Release|x64.ActiveCfg = Release|Any CPU
		{59B10FD0-9D37-4885-9B3F-681DBE0ED54D}.Release|x64.Build.0 = Release|Any CPU
		{59B10FD0-9D37-4885-9B3F-681DBE0ED54D}.Release|x86.ActiveCfg = Release|Any CPU
		{59B10FD0-9D37-4885-9B3F-681DBE0ED54D}.Release|x86.Build.0 = Release|Any CPU
	EndGlobalSection
	GlobalSection(SolutionProperties) = preSolution
		HideSolutionNode = FALSE
	EndGlobalSection
EndGlobal
